
Microsoft Visual Studio Solution File, Format Version 12.00
# Visual Studio 15
VisualStudioVersion = 15.0.28307.421
MinimumVisualStudioVersion = 10.0.40219.1
Project("{FAE04EC0-301F-11D3-BF4B-00C04F79EFBC}") = "Stock", "Stock.csproj", "{7BE2C4E9-FF21-4C49-9D05-568217419A53}"
EndProject
Project("{FAE04EC0-301F-11D3-BF4B-00C04F79EFBC}") = "StockInformationView", "StockInformationView\StockInformationView.csproj", "{B0EB4669-EC42-499D-88D8-A860FF9B0115}"
EndProject
Global
	GlobalSection(SolutionConfigurationPlatforms) = preSolution
		Debug|Any CPU = Debug|Any CPU
		Release|Any CPU = Release|Any CPU
	EndGlobalSection
	GlobalSection(ProjectConfigurationPlatforms) = postSolution
		{7BE2C4E9-FF21-4C49-9D05-568217419A53}.Debug|Any CPU.ActiveCfg = Debug|Any CPU
		{7BE2C4E9-FF21-4C49-9D05-568217419A53}.Debug|Any CPU.Build.0 = Debug|Any CPU
		{7BE2C4E9-FF21-4C49-9D05-568217419A53}.Release|Any CPU.ActiveCfg = Release|Any CPU
		{7BE2C4E9-FF21-4C49-9D05-568217419A53}.Release|Any CPU.Build.0 = Release|Any CPU
		{B0EB4669-EC42-499D-88D8-A860FF9B0115}.Debug|Any CPU.ActiveCfg = Debug|Any CPU
		{B0EB4669-EC42-499D-88D8-A860FF9B0115}.Debug|Any CPU.Build.0 = Debug|Any CPU
		{B0EB4669-EC42-499D-88D8-A860FF9B0115}.Release|Any CPU.ActiveCfg = Release|Any CPU
		{B0EB4669-EC42-499D-88D8-A860FF9B0115}.Release|Any CPU.Build.0 = Release|Any CPU
	EndGlobalSection
	GlobalSection(SolutionProperties) = preSolution
		HideSolutionNode = FALSE
	EndGlobalSection
	GlobalSection(ExtensibilityGlobals) = postSolution
		SolutionGuid = {DBA6BE1F-9DFC-4CA9-AF9B-BBC3E113C76E}
	EndGlobalSection
EndGlobal
